
Microsoft Visual Studio Solution File, Format Version 12.00
# Visual Studio 15
VisualStudioVersion = 15.0.27130.2010
MinimumVisualStudioVersion = 10.0.40219.1
Project("{FAE04EC0-301F-11D3-BF4B-00C04F79EFBC}") = "classes-demo", "classes-demo\classes-demo.csproj", "{28D20BAD-6501-442E-A8BB-6ECC06701FF7}"
EndProject
Global
	GlobalSection(SolutionConfigurationPlatforms) = preSolution
		Debug|Any CPU = Debug|Any CPU
		Release|Any CPU = Release|Any CPU
	EndGlobalSection
	GlobalSection(ProjectConfigurationPlatforms) = postSolution
		{28D20BAD-6501-442E-A8BB-6ECC06701FF7}.Debug|Any CPU.ActiveCfg = Debug|Any CPU
		{28D20BAD-6501-442E-A8BB-6ECC06701FF7}.Debug|Any CPU.Build.0 = Debug|Any CPU
		{28D20BAD-6501-442E-A8BB-6ECC06701FF7}.Release|Any CPU.ActiveCfg = Release|Any CPU
		{28D20BAD-6501-442E-A8BB-6ECC06701FF7}.Release|Any CPU.Build.0 = Release|Any CPU
	EndGlobalSection
	GlobalSection(SolutionProperties) = preSolution
		HideSolutionNode = FALSE
	EndGlobalSection
	GlobalSection(ExtensibilityGlobals) = postSolution
		SolutionGuid = {0FDF5F91-1667-45C8-9E05-E037ED63549E}
	EndGlobalSection
EndGlobal
